
Microsoft Visual Studio Solution File, Format Version 12.00
# Visual Studio Version 16
VisualStudioVersion = 16.0.31321.278
MinimumVisualStudioVersion = 10.0.40219.1
Project("{FAE04EC0-301F-11D3-BF4B-00C04F79EFBC}") = "FeedbackApp", "FeedbackApp\FeedbackApp.csproj", "{FB18BC68-D0AE-4777-95E4-38F73C3949CD}"
EndProject
Global
	GlobalSection(SolutionConfigurationPlatforms) = preSolution
		Debug|Any CPU = Debug|Any CPU
		Release|Any CPU = Release|Any CPU
	EndGlobalSection
	GlobalSection(ProjectConfigurationPlatforms) = postSolution
		{FB18BC68-D0AE-4777-95E4-38F73C3949CD}.Debug|Any CPU.ActiveCfg = Debug|Any CPU
		{FB18BC68-D0AE-4777-95E4-38F73C3949CD}.Debug|Any CPU.Build.0 = Debug|Any CPU
		{FB18BC68-D0AE-4777-95E4-38F73C3949CD}.Release|Any CPU.ActiveCfg = Release|Any CPU
		{FB18BC68-D0AE-4777-95E4-38F73C3949CD}.Release|Any CPU.Build.0 = Release|Any CPU
	EndGlobalSection
	GlobalSection(SolutionProperties) = preSolution
		HideSolutionNode = FALSE
	EndGlobalSection
	GlobalSection(ExtensibilityGlobals) = postSolution
		SolutionGuid = {36D221C9-E5E9-4E35-BAD2-997B580BC096}
	EndGlobalSection
EndGlobal
